{
  "name": "enchiridion2",
  "version": "0.0.0",
  "lockfileVersion": 1,
  "dependencies": {
    "eslint-config-google": {
      "version": "0.8.0",
      "resolved": "https://registry.npmjs.org/eslint-config-google/-/eslint-config-google-0.8.0.tgz",
      "integrity": "sha1-KIUywreDTSXe9j1R+l4Y5rmsOk0=",
      "dev": true
    }
  }
}
